
Microsoft Visual Studio Solution File, Format Version 12.00
# Visual Studio Version 17
VisualStudioVersion = 17.11.35312.102
MinimumVisualStudioVersion = 10.0.40219.1
Project("{FAE04EC0-301F-11D3-BF4B-00C04F79EFBC}") = "Hangman", "Hangman.csproj", "{690788D7-0035-404E-A2DE-E72CA1A67E40}"
EndProject
Global
	GlobalSection(SolutionConfigurationPlatforms) = preSolution
		Debug|Any CPU = Debug|Any CPU
		Release|Any CPU = Release|Any CPU
	EndGlobalSection
	GlobalSection(ProjectConfigurationPlatforms) = postSolution
		{690788D7-0035-404E-A2DE-E72CA1A67E40}.Debug|Any CPU.ActiveCfg = Debug|Any CPU
		{690788D7-0035-404E-A2DE-E72CA1A67E40}.Debug|Any CPU.Build.0 = Debug|Any CPU
		{690788D7-0035-404E-A2DE-E72CA1A67E40}.Debug|Any CPU.Deploy.0 = Debug|Any CPU
		{690788D7-0035-404E-A2DE-E72CA1A67E40}.Release|Any CPU.ActiveCfg = Release|Any CPU
		{690788D7-0035-404E-A2DE-E72CA1A67E40}.Release|Any CPU.Build.0 = Release|Any CPU
		{690788D7-0035-404E-A2DE-E72CA1A67E40}.Release|Any CPU.Deploy.0 = Release|Any CPU
	EndGlobalSection
	GlobalSection(SolutionProperties) = preSolution
		HideSolutionNode = FALSE
	EndGlobalSection
	GlobalSection(ExtensibilityGlobals) = postSolution
		SolutionGuid = {FDEC39F9-6EE1-4CD3-BF3D-04B00F98EEE9}
	EndGlobalSection
EndGlobal
